
Microsoft Visual Studio Solution File, Format Version 12.00
# Visual Studio Version 17
VisualStudioVersion = 17.0.31903.59
MinimumVisualStudioVersion = 10.0.40219.1
Project("{2150E333-8FDC-42A3-9474-1A3956D46DE8}") = "src", "src", "{AB7B8076-4B8E-4D8D-99E8-ABADE81382D5}"
EndProject
Project("{FAE04EC0-301F-11D3-BF4B-00C04F79EFBC}") = "ERP.SharedKernel", "src\ERP.SharedKernel\ERP.SharedKernel.csproj", "{E0D173FC-8808-4ADF-824A-36DA469E8EBF}"
EndProject
Project("{FAE04EC0-301F-11D3-BF4B-00C04F79EFBC}") = "ERP.Host", "src\ERP.Host\ERP.Host.csproj", "{58BA2FC0-E4F8-4AA2-AB5E-EC00F4BB7FCC}"
EndProject
Project("{2150E333-8FDC-42A3-9474-1A3956D46DE8}") = "plugins", "plugins", "{131C80D5-5076-432F-AA08-5C33548D86C8}"
EndProject
Project("{2150E333-8FDC-42A3-9474-1A3956D46DE8}") = "Finance", "Finance", "{BFB78FA6-500C-4FE8-8AAF-B4430C683F2E}"
EndProject
Project("{FAE04EC0-301F-11D3-BF4B-00C04F79EFBC}") = "ERP.Plugin.Finance", "src\plugins\Finance\ERP.Plugin.Finance\ERP.Plugin.Finance.csproj", "{4789A47F-A400-4ABC-859A-63D53CA6E5BA}"
EndProject
Project("{2150E333-8FDC-42A3-9474-1A3956D46DE8}") = "tests", "tests", "{5607EE85-CD15-4018-AAA2-80F1DECF4A31}"
EndProject
Project("{FAE04EC0-301F-11D3-BF4B-00C04F79EFBC}") = "ERP.SharedKernel.Tests", "tests\ERP.SharedKernel.Tests\ERP.SharedKernel.Tests.csproj", "{EE5AE246-E160-4F68-98AC-8FF748AC40CF}"
EndProject
Project("{FAE04EC0-301F-11D3-BF4B-00C04F79EFBC}") = "ERP.Plugin.Finance.Tests", "tests\ERP.Plugin.Finance.Tests\ERP.Plugin.Finance.Tests.csproj", "{12D7AF89-A897-498F-B11E-83D87431F2B6}"
EndProject
Project("{2150E333-8FDC-42A3-9474-1A3956D46DE8}") = "Inventory", "Inventory", "{D41D19CA-929F-421C-B0BF-49DC3A6C59EF}"
EndProject
Project("{FAE04EC0-301F-11D3-BF4B-00C04F79EFBC}") = "ERP.Plugin.Inventory", "src\plugins\Inventory\ERP.Plugin.Inventory\ERP.Plugin.Inventory.csproj", "{42A6170B-61E9-4348-823A-9F4F4FDB9888}"
EndProject
Project("{FAE04EC0-301F-11D3-BF4B-00C04F79EFBC}") = "ERP.Plugin.Inventory.Tests", "tests\ERP.Plugin.Inventory.Tests\ERP.Plugin.Inventory.Tests.csproj", "{D392B5E9-BF98-4A37-8D2E-76C0451174F2}"
EndProject
Project("{2150E333-8FDC-42A3-9474-1A3956D46DE8}") = "Products", "Products", "{C3B8F2A1-4D2E-4F5B-8C3A-9E7F1A2B3C4D}"
EndProject
Project("{FAE04EC0-301F-11D3-BF4B-00C04F79EFBC}") = "ERP.Plugin.Products", "src\plugins\Products\ERP.Plugin.Products\ERP.Plugin.Products.csproj", "{E5F6A7B8-9C0D-4E1F-A2B3-C4D5E6F7A8B9}"
EndProject
Project("{FAE04EC0-301F-11D3-BF4B-00C04F79EFBC}") = "ERP.Plugin.Products.Tests", "tests\ERP.Plugin.Products.Tests\ERP.Plugin.Products.Tests.csproj", "{F6G7H8I9-0J1K-2L3M-4N5O-P6Q7R8S9T0U1}"
EndProject
Project("{2150E333-8FDC-42A3-9474-1A3956D46DE8}") = "Orders", "Orders", "{B4C5D6E7-8F9A-4B0C-1D2E-3F4A5B6C7D8E}"
EndProject
Project("{FAE04EC0-301F-11D3-BF4B-00C04F79EFBC}") = "ERP.Plugin.Orders", "src\plugins\Orders\ERP.Plugin.Orders\ERP.Plugin.Orders.csproj", "{A1B2C3D4-5E6F-7A8B-9C0D-1E2F3A4B5C6D}"
EndProject
Project("{FAE04EC0-301F-11D3-BF4B-00C04F79EFBC}") = "ERP.Plugin.Orders.Tests", "tests\ERP.Plugin.Orders.Tests\ERP.Plugin.Orders.Tests.csproj", "{D7E8F9A0-1B2C-3D4E-5F6A-7B8C9D0E1F2A}"
EndProject
Global
	GlobalSection(SolutionConfigurationPlatforms) = preSolution
		Debug|Any CPU = Debug|Any CPU
		Release|Any CPU = Release|Any CPU
	EndGlobalSection
	GlobalSection(SolutionProperties) = preSolution
		HideSolutionNode = FALSE
	EndGlobalSection
	GlobalSection(ProjectConfigurationPlatforms) = postSolution
		{E0D173FC-8808-4ADF-824A-36DA469E8EBF}.Debug|Any CPU.ActiveCfg = Debug|Any CPU
		{E0D173FC-8808-4ADF-824A-36DA469E8EBF}.Debug|Any CPU.Build.0 = Debug|Any CPU
		{E0D173FC-8808-4ADF-824A-36DA469E8EBF}.Release|Any CPU.ActiveCfg = Release|Any CPU
		{E0D173FC-8808-4ADF-824A-36DA469E8EBF}.Release|Any CPU.Build.0 = Release|Any CPU
		{58BA2FC0-E4F8-4AA2-AB5E-EC00F4BB7FCC}.Debug|Any CPU.ActiveCfg = Debug|Any CPU
		{58BA2FC0-E4F8-4AA2-AB5E-EC00F4BB7FCC}.Debug|Any CPU.Build.0 = Debug|Any CPU
		{58BA2FC0-E4F8-4AA2-AB5E-EC00F4BB7FCC}.Release|Any CPU.ActiveCfg = Release|Any CPU
		{58BA2FC0-E4F8-4AA2-AB5E-EC00F4BB7FCC}.Release|Any CPU.Build.0 = Release|Any CPU
		{4789A47F-A400-4ABC-859A-63D53CA6E5BA}.Debug|Any CPU.ActiveCfg = Debug|Any CPU
		{4789A47F-A400-4ABC-859A-63D53CA6E5BA}.Debug|Any CPU.Build.0 = Debug|Any CPU
		{4789A47F-A400-4ABC-859A-63D53CA6E5BA}.Release|Any CPU.ActiveCfg = Release|Any CPU
		{4789A47F-A400-4ABC-859A-63D53CA6E5BA}.Release|Any CPU.Build.0 = Release|Any CPU
		{EE5AE246-E160-4F68-98AC-8FF748AC40CF}.Debug|Any CPU.ActiveCfg = Debug|Any CPU
		{EE5AE246-E160-4F68-98AC-8FF748AC40CF}.Debug|Any CPU.Build.0 = Debug|Any CPU
		{EE5AE246-E160-4F68-98AC-8FF748AC40CF}.Release|Any CPU.ActiveCfg = Release|Any CPU
		{EE5AE246-E160-4F68-98AC-8FF748AC40CF}.Release|Any CPU.Build.0 = Release|Any CPU
		{12D7AF89-A897-498F-B11E-83D87431F2B6}.Debug|Any CPU.ActiveCfg = Debug|Any CPU
		{12D7AF89-A897-498F-B11E-83D87431F2B6}.Debug|Any CPU.Build.0 = Debug|Any CPU
		{12D7AF89-A897-498F-B11E-83D87431F2B6}.Release|Any CPU.ActiveCfg = Release|Any CPU
		{12D7AF89-A897-498F-B11E-83D87431F2B6}.Release|Any CPU.Build.0 = Release|Any CPU
		{42A6170B-61E9-4348-823A-9F4F4FDB9888}.Debug|Any CPU.ActiveCfg = Debug|Any CPU
		{42A6170B-61E9-4348-823A-9F4F4FDB9888}.Debug|Any CPU.Build.0 = Debug|Any CPU
		{42A6170B-61E9-4348-823A-9F4F4FDB9888}.Release|Any CPU.ActiveCfg = Release|Any CPU
		{42A6170B-61E9-4348-823A-9F4F4FDB9888}.Release|Any CPU.Build.0 = Release|Any CPU
		{D392B5E9-BF98-4A37-8D2E-76C0451174F2}.Debug|Any CPU.ActiveCfg = Debug|Any CPU
		{D392B5E9-BF98-4A37-8D2E-76C0451174F2}.Debug|Any CPU.Build.0 = Debug|Any CPU
		{D392B5E9-BF98-4A37-8D2E-76C0451174F2}.Release|Any CPU.ActiveCfg = Release|Any CPU
		{D392B5E9-BF98-4A37-8D2E-76C0451174F2}.Release|Any CPU.Build.0 = Release|Any CPU
		{E5F6A7B8-9C0D-4E1F-A2B3-C4D5E6F7A8B9}.Debug|Any CPU.ActiveCfg = Debug|Any CPU
		{E5F6A7B8-9C0D-4E1F-A2B3-C4D5E6F7A8B9}.Debug|Any CPU.Build.0 = Debug|Any CPU
		{E5F6A7B8-9C0D-4E1F-A2B3-C4D5E6F7A8B9}.Release|Any CPU.ActiveCfg = Release|Any CPU
		{E5F6A7B8-9C0D-4E1F-A2B3-C4D5E6F7A8B9}.Release|Any CPU.Build.0 = Release|Any CPU
		{F6G7H8I9-0J1K-2L3M-4N5O-P6Q7R8S9T0U1}.Debug|Any CPU.ActiveCfg = Debug|Any CPU
		{F6G7H8I9-0J1K-2L3M-4N5O-P6Q7R8S9T0U1}.Debug|Any CPU.Build.0 = Debug|Any CPU
		{F6G7H8I9-0J1K-2L3M-4N5O-P6Q7R8S9T0U1}.Release|Any CPU.ActiveCfg = Release|Any CPU
		{F6G7H8I9-0J1K-2L3M-4N5O-P6Q7R8S9T0U1}.Release|Any CPU.Build.0 = Release|Any CPU
		{A1B2C3D4-5E6F-7A8B-9C0D-1E2F3A4B5C6D}.Debug|Any CPU.ActiveCfg = Debug|Any CPU
		{A1B2C3D4-5E6F-7A8B-9C0D-1E2F3A4B5C6D}.Debug|Any CPU.Build.0 = Debug|Any CPU
		{A1B2C3D4-5E6F-7A8B-9C0D-1E2F3A4B5C6D}.Release|Any CPU.ActiveCfg = Release|Any CPU
		{A1B2C3D4-5E6F-7A8B-9C0D-1E2F3A4B5C6D}.Release|Any CPU.Build.0 = Release|Any CPU
		{D7E8F9A0-1B2C-3D4E-5F6A-7B8C9D0E1F2A}.Debug|Any CPU.ActiveCfg = Debug|Any CPU
		{D7E8F9A0-1B2C-3D4E-5F6A-7B8C9D0E1F2A}.Debug|Any CPU.Build.0 = Debug|Any CPU
		{D7E8F9A0-1B2C-3D4E-5F6A-7B8C9D0E1F2A}.Release|Any CPU.ActiveCfg = Release|Any CPU
		{D7E8F9A0-1B2C-3D4E-5F6A-7B8C9D0E1F2A}.Release|Any CPU.Build.0 = Release|Any CPU
	EndGlobalSection
	GlobalSection(NestedProjects) = preSolution
		{E0D173FC-8808-4ADF-824A-36DA469E8EBF} = {AB7B8076-4B8E-4D8D-99E8-ABADE81382D5}
		{58BA2FC0-E4F8-4AA2-AB5E-EC00F4BB7FCC} = {AB7B8076-4B8E-4D8D-99E8-ABADE81382D5}
		{131C80D5-5076-432F-AA08-5C33548D86C8} = {AB7B8076-4B8E-4D8D-99E8-ABADE81382D5}
		{BFB78FA6-500C-4FE8-8AAF-B4430C683F2E} = {131C80D5-5076-432F-AA08-5C33548D86C8}
		{4789A47F-A400-4ABC-859A-63D53CA6E5BA} = {BFB78FA6-500C-4FE8-8AAF-B4430C683F2E}
		{EE5AE246-E160-4F68-98AC-8FF748AC40CF} = {5607EE85-CD15-4018-AAA2-80F1DECF4A31}
		{12D7AF89-A897-498F-B11E-83D87431F2B6} = {5607EE85-CD15-4018-AAA2-80F1DECF4A31}
		{D41D19CA-929F-421C-B0BF-49DC3A6C59EF} = {131C80D5-5076-432F-AA08-5C33548D86C8}
		{42A6170B-61E9-4348-823A-9F4F4FDB9888} = {D41D19CA-929F-421C-B0BF-49DC3A6C59EF}
		{D392B5E9-BF98-4A37-8D2E-76C0451174F2} = {5607EE85-CD15-4018-AAA2-80F1DECF4A31}
		{C3B8F2A1-4D2E-4F5B-8C3A-9E7F1A2B3C4D} = {131C80D5-5076-432F-AA08-5C33548D86C8}
		{E5F6A7B8-9C0D-4E1F-A2B3-C4D5E6F7A8B9} = {C3B8F2A1-4D2E-4F5B-8C3A-9E7F1A2B3C4D}
		{F6G7H8I9-0J1K-2L3M-4N5O-P6Q7R8S9T0U1} = {5607EE85-CD15-4018-AAA2-80F1DECF4A31}
		{B4C5D6E7-8F9A-4B0C-1D2E-3F4A5B6C7D8E} = {131C80D5-5076-432F-AA08-5C33548D86C8}
		{A1B2C3D4-5E6F-7A8B-9C0D-1E2F3A4B5C6D} = {B4C5D6E7-8F9A-4B0C-1D2E-3F4A5B6C7D8E}
		{D7E8F9A0-1B2C-3D4E-5F6A-7B8C9D0E1F2A} = {5607EE85-CD15-4018-AAA2-80F1DECF4A31}
	EndGlobalSection
EndGlobal
